
Microsoft Visual Studio Solution File, Format Version 12.00
Project("{FAE04EC0-301F-11D3-BF4B-00C04F79EFBC}") = "OutlookUserAgentTest", "OutlookUserAgentTest\OutlookUserAgentTest.csproj", "{663ABD9A-BF9D-4AC1-B5A6-A98809F7B8F8}"
EndProject
Project("{FAE04EC0-301F-11D3-BF4B-00C04F79EFBC}") = "ConsoleApp1", "ConsoleApp1\ConsoleApp1.csproj", "{657BAC29-27C8-440A-8293-D769C501AE61}"
EndProject
Global
	GlobalSection(SolutionConfigurationPlatforms) = preSolution
		Debug|Any CPU = Debug|Any CPU
		Release|Any CPU = Release|Any CPU
	EndGlobalSection
	GlobalSection(ProjectConfigurationPlatforms) = postSolution
		{663ABD9A-BF9D-4AC1-B5A6-A98809F7B8F8}.Debug|Any CPU.ActiveCfg = Debug|Any CPU
		{663ABD9A-BF9D-4AC1-B5A6-A98809F7B8F8}.Debug|Any CPU.Build.0 = Debug|Any CPU
		{663ABD9A-BF9D-4AC1-B5A6-A98809F7B8F8}.Release|Any CPU.ActiveCfg = Release|Any CPU
		{663ABD9A-BF9D-4AC1-B5A6-A98809F7B8F8}.Release|Any CPU.Build.0 = Release|Any CPU
		{657BAC29-27C8-440A-8293-D769C501AE61}.Debug|Any CPU.ActiveCfg = Debug|Any CPU
		{657BAC29-27C8-440A-8293-D769C501AE61}.Debug|Any CPU.Build.0 = Debug|Any CPU
		{657BAC29-27C8-440A-8293-D769C501AE61}.Release|Any CPU.ActiveCfg = Release|Any CPU
		{657BAC29-27C8-440A-8293-D769C501AE61}.Release|Any CPU.Build.0 = Release|Any CPU
	EndGlobalSection
EndGlobal
